
Microsoft Visual Studio Solution File, Format Version 12.00
# Visual Studio Version 16
VisualStudioVersion = 16.0.29609.76
MinimumVisualStudioVersion = 10.0.40219.1
Project("{FAE04EC0-301F-11D3-BF4B-00C04F79EFBC}") = "L2DamageCalculator", "L2DamageCalculator\L2DamageCalculator.csproj", "{131887A7-3495-4A42-986D-64A11E14E60B}"
EndProject
Project("{2150E333-8FDC-42A3-9474-1A3956D46DE8}") = "Solution Items", "Solution Items", "{2BDB21FB-A5DF-469C-AEE6-81658686935D}"
	ProjectSection(SolutionItems) = preProject
		Readme.txt = Readme.txt
	EndProjectSection
EndProject
Global
	GlobalSection(SolutionConfigurationPlatforms) = preSolution
		Debug|Any CPU = Debug|Any CPU
		Release|Any CPU = Release|Any CPU
	EndGlobalSection
	GlobalSection(ProjectConfigurationPlatforms) = postSolution
		{131887A7-3495-4A42-986D-64A11E14E60B}.Debug|Any CPU.ActiveCfg = Debug|Any CPU
		{131887A7-3495-4A42-986D-64A11E14E60B}.Debug|Any CPU.Build.0 = Debug|Any CPU
		{131887A7-3495-4A42-986D-64A11E14E60B}.Release|Any CPU.ActiveCfg = Release|Any CPU
		{131887A7-3495-4A42-986D-64A11E14E60B}.Release|Any CPU.Build.0 = Release|Any CPU
	EndGlobalSection
	GlobalSection(SolutionProperties) = preSolution
		HideSolutionNode = FALSE
	EndGlobalSection
	GlobalSection(ExtensibilityGlobals) = postSolution
		SolutionGuid = {1325053A-0F07-40AE-8F71-13FB3E797283}
	EndGlobalSection
EndGlobal
